Microsoft Visual Studio Solution File, Format Version 12.00
# Visual Studio Version 17
VisualStudioVersion = 17.5.2.0
MinimumVisualStudioVersion = 10.0.40219.1
Project("{FAE04EC0-301F-11D3-BF4B-00C04F79EFBC}") = "LogicoolJapaneseLed", "LogicoolJapaneseLed\LogicoolJapaneseLed.csproj", "{8AA3CA31-E08E-8B92-FDF6-B08662BC8FBE}"
EndProject
Global
	GlobalSection(SolutionConfigurationPlatforms) = preSolution
		Debug|Any CPU = Debug|Any CPU
		Release|Any CPU = Release|Any CPU
	EndGlobalSection
	GlobalSection(ProjectConfigurationPlatforms) = postSolution
		{8AA3CA31-E08E-8B92-FDF6-B08662BC8FBE}.Debug|Any CPU.ActiveCfg = Debug|Any CPU
		{8AA3CA31-E08E-8B92-FDF6-B08662BC8FBE}.Debug|Any CPU.Build.0 = Debug|Any CPU
		{8AA3CA31-E08E-8B92-FDF6-B08662BC8FBE}.Release|Any CPU.ActiveCfg = Release|Any CPU
		{8AA3CA31-E08E-8B92-FDF6-B08662BC8FBE}.Release|Any CPU.Build.0 = Release|Any CPU
	EndGlobalSection
	GlobalSection(SolutionProperties) = preSolution
		HideSolutionNode = FALSE
	EndGlobalSection
	GlobalSection(ExtensibilityGlobals) = postSolution
		SolutionGuid = {79F7A6BC-AC85-4D65-8473-435D0807F050}
	EndGlobalSection
EndGlobal
